
Microsoft Visual Studio Solution File, Format Version 12.00
# Visual Studio Version 17
VisualStudioVersion = 17.0.31903.59
MinimumVisualStudioVersion = 10.0.40219.1
Project("{FAE04EC0-301F-11D3-BF4B-00C04F79EFBC}") = "example", "example\example.csproj", "{E6CAC184-CDAD-4F92-A2EE-2D403F5A27BC}"
EndProject
Project("{FAE04EC0-301F-11D3-BF4B-00C04F79EFBC}") = "Purity", "Purity\Purity.csproj", "{7D1487CC-C083-4F82-91EF-87D870CAFCFE}"
EndProject
Global
	GlobalSection(SolutionConfigurationPlatforms) = preSolution
		Debug|Any CPU = Debug|Any CPU
		Release|Any CPU = Release|Any CPU
	EndGlobalSection
	GlobalSection(SolutionProperties) = preSolution
		HideSolutionNode = FALSE
	EndGlobalSection
	GlobalSection(ProjectConfigurationPlatforms) = postSolution
		{E6CAC184-CDAD-4F92-A2EE-2D403F5A27BC}.Debug|Any CPU.ActiveCfg = Debug|Any CPU
		{E6CAC184-CDAD-4F92-A2EE-2D403F5A27BC}.Debug|Any CPU.Build.0 = Debug|Any CPU
		{E6CAC184-CDAD-4F92-A2EE-2D403F5A27BC}.Release|Any CPU.ActiveCfg = Release|Any CPU
		{E6CAC184-CDAD-4F92-A2EE-2D403F5A27BC}.Release|Any CPU.Build.0 = Release|Any CPU
		{7D1487CC-C083-4F82-91EF-87D870CAFCFE}.Debug|Any CPU.ActiveCfg = Debug|Any CPU
		{7D1487CC-C083-4F82-91EF-87D870CAFCFE}.Debug|Any CPU.Build.0 = Debug|Any CPU
		{7D1487CC-C083-4F82-91EF-87D870CAFCFE}.Release|Any CPU.ActiveCfg = Release|Any CPU
		{7D1487CC-C083-4F82-91EF-87D870CAFCFE}.Release|Any CPU.Build.0 = Release|Any CPU
	EndGlobalSection
EndGlobal
